
Microsoft Visual Studio Solution File, Format Version 12.00
# Visual Studio 15
VisualStudioVersion = 15.0.28010.2046
MinimumVisualStudioVersion = 10.0.40219.1
Project("{FAE04EC0-301F-11D3-BF4B-00C04F79EFBC}") = "FacadeDemo", "FacadeDemo\FacadeDemo.csproj", "{6667A727-9CE2-41D1-A053-8F9664EC80A3}"
EndProject
Project("{FAE04EC0-301F-11D3-BF4B-00C04F79EFBC}") = "ShoppingCart", "ShoppingCart\ShoppingCart.csproj", "{3E87C0FE-F3A4-4181-BEED-5D14A0E84190}"
EndProject
Project("{FAE04EC0-301F-11D3-BF4B-00C04F79EFBC}") = "ShoppingFacade", "ShoppingFacade\ShoppingFacade.csproj", "{F4C60E8A-1E0D-4B52-AB3F-DE68C363C931}"
EndProject
Global
	GlobalSection(SolutionConfigurationPlatforms) = preSolution
		Debug|Any CPU = Debug|Any CPU
		Release|Any CPU = Release|Any CPU
	EndGlobalSection
	GlobalSection(ProjectConfigurationPlatforms) = postSolution
		{6667A727-9CE2-41D1-A053-8F9664EC80A3}.Debug|Any CPU.ActiveCfg = Debug|Any CPU
		{6667A727-9CE2-41D1-A053-8F9664EC80A3}.Debug|Any CPU.Build.0 = Debug|Any CPU
		{6667A727-9CE2-41D1-A053-8F9664EC80A3}.Release|Any CPU.ActiveCfg = Release|Any CPU
		{6667A727-9CE2-41D1-A053-8F9664EC80A3}.Release|Any CPU.Build.0 = Release|Any CPU
		{3E87C0FE-F3A4-4181-BEED-5D14A0E84190}.Debug|Any CPU.ActiveCfg = Debug|Any CPU
		{3E87C0FE-F3A4-4181-BEED-5D14A0E84190}.Debug|Any CPU.Build.0 = Debug|Any CPU
		{3E87C0FE-F3A4-4181-BEED-5D14A0E84190}.Release|Any CPU.ActiveCfg = Release|Any CPU
		{3E87C0FE-F3A4-4181-BEED-5D14A0E84190}.Release|Any CPU.Build.0 = Release|Any CPU
		{F4C60E8A-1E0D-4B52-AB3F-DE68C363C931}.Debug|Any CPU.ActiveCfg = Debug|Any CPU
		{F4C60E8A-1E0D-4B52-AB3F-DE68C363C931}.Debug|Any CPU.Build.0 = Debug|Any CPU
		{F4C60E8A-1E0D-4B52-AB3F-DE68C363C931}.Release|Any CPU.ActiveCfg = Release|Any CPU
		{F4C60E8A-1E0D-4B52-AB3F-DE68C363C931}.Release|Any CPU.Build.0 = Release|Any CPU
	EndGlobalSection
	GlobalSection(SolutionProperties) = preSolution
		HideSolutionNode = FALSE
	EndGlobalSection
	GlobalSection(ExtensibilityGlobals) = postSolution
		SolutionGuid = {2C31C57B-EA86-4FEC-B2F5-55B7AA61176A}
	EndGlobalSection
EndGlobal
